{
  "version": 4,
  "terraform_version": "1.14.3",
  "serial": 1,
  "lineage": "59f77bcf-ea46-e079-7e11-27faf44a9879",
  "outputs": {
    "role_name": {
      "value": "GitHubAction-Terraform-Managed-Role",
      "type": "string"
    }
  },
  "resources": [
    {
      "mode": "data",
      "type": "aws_caller_identity",
      "name": "current",
      "provider": "provider[\"registry.terraform.io/hashicorp/aws\"]",
      "instances": [
        {
          "schema_version": 0,
          "attributes": {
            "account_id": "701573843345",
            "arn": "arn:aws:iam::701573843345:user/nikko",
            "id": "701573843345",
            "user_id": "AIDA2GWIPJGIYJC5FOTMV"
          },
          "sensitive_attributes": [],
          "identity_schema_version": 0
        }
      ]
    },
    {
      "mode": "managed",
      "type": "aws_iam_role",
      "name": "github_actions_role",
      "provider": "provider[\"registry.terraform.io/hashicorp/aws\"]",
      "instances": [
        {
          "schema_version": 0,
          "attributes": {
            "arn": "arn:aws:iam::701573843345:role/GitHubAction-Terraform-Managed-Role",
            "assume_role_policy": "{\"Statement\":[{\"Action\":\"sts:AssumeRoleWithWebIdentity\",\"Condition\":{\"StringLike\":{\"token.actions.githubusercontent.com:sub\":\"repo:Nikkypwetti/devops-learning-journey:*\"}},\"Effect\":\"Allow\",\"Principal\":{\"Federated\":\"arn:aws:iam::701573843345:oidc-provider/token.actions.githubusercontent.com\"}}],\"Version\":\"2012-10-17\"}",
            "create_date": "2026-01-26T22:04:38Z",
            "description": "",
            "force_detach_policies": false,
            "id": "GitHubAction-Terraform-Managed-Role",
            "inline_policy": [
              {
                "name": "CloudFrontInvalidationPolicy",
                "policy": "{\"Version\":\"2012-10-17\",\"Statement\":[{\"Action\":\"cloudfront:CreateInvalidation\",\"Effect\":\"Allow\",\"Resource\":\"arn:aws:cloudfront::701573843345:distribution/E3N2N64Y0SFSQI\"}]}"
              },
              {
                "name": "EC2TestingLabPolicy",
                "policy": "{\"Version\":\"2012-10-17\",\"Statement\":[{\"Action\":[\"ec2:DescribeInstances\",\"ec2:DescribeSecurityGroups\",\"ec2:DescribeSubnets\",\"ec2:DescribeVpcs\",\"ec2:DescribeImages\"],\"Effect\":\"Allow\",\"Resource\":\"*\"},{\"Action\":\"ec2:RunInstances\",\"Condition\":{\"StringEquals\":{\"ec2:InstanceType\":[\"t2.micro\",\"t3.micro\"]}},\"Effect\":\"Allow\",\"Resource\":[\"arn:aws:ec2:us-east-1:701573843345:instance/*\",\"arn:aws:ec2:us-east-1:701573843345:network-interface/*\",\"arn:aws:ec2:us-east-1:701573843345:security-group/*\",\"arn:aws:ec2:us-east-1:701573843345:volume/*\",\"arn:aws:ec2:us-east-1::image/ami-*\",\"arn:aws:ec2:us-east-1:701573843345:subnet/*\"]},{\"Action\":[\"ec2:TerminateInstances\",\"ec2:CreateSecurityGroup\",\"ec2:DeleteSecurityGroup\",\"ec2:AuthorizeSecurityGroupIngress\",\"ec2:RevokeSecurityGroupIngress\"],\"Effect\":\"Allow\",\"Resource\":\"arn:aws:ec2:us-east-1:701573843345:*\"}]}"
              },
              {
                "name": "S3PortfolioUploadPolicy",
                "policy": "{\"Version\":\"2012-10-17\",\"Statement\":[{\"Action\":[\"s3:PutObject\",\"s3:GetObject\",\"s3:ListBucket\",\"s3:DeleteObject\"],\"Effect\":\"Allow\",\"Resource\":[\"arn:aws:s3:::nikky-techies-devops-portfolio\",\"arn:aws:s3:::nikky-techies-devops-portfolio/*\"]}]}"
              }
            ],
            "managed_policy_arns": [],
            "max_session_duration": 3600,
            "name": "GitHubAction-Terraform-Managed-Role",
            "name_prefix": "",
            "path": "/",
            "permissions_boundary": "",
            "tags": {},
            "tags_all": {},
            "unique_id": "AROA2GWIPJGIVFH5RAZXS"
          },
          "sensitive_attributes": [],
          "identity_schema_version": 0,
          "identity": {
            "account_id": "701573843345",
            "name": "GitHubAction-Terraform-Managed-Role"
          },
          "private": "eyJzY2hlbWFfdmVyc2lvbiI6IjAifQ=="
        }
      ]
    }
  ],
  "check_results": null
}
