{
  "version": 4,
  "terraform_version": "1.14.3",
  "serial": 9,
  "lineage": "11e54d85-2731-dd70-cd2e-0c4bb99102ee",
  "outputs": {},
  "resources": [
    {
      "mode": "data",
      "type": "aws_caller_identity",
      "name": "current",
      "provider": "provider[\"registry.terraform.io/hashicorp/aws\"]",
      "instances": [
        {
          "schema_version": 0,
          "attributes": {
            "account_id": "701573843345",
            "arn": "arn:aws:iam::701573843345:user/nikko",
            "id": "701573843345",
            "user_id": "AIDA2GWIPJGIYJC5FOTMV"
          },
          "sensitive_attributes": [],
          "identity_schema_version": 0
        }
      ]
    },
    {
      "mode": "data",
      "type": "aws_iam_role",
      "name": "shared_role",
      "provider": "provider[\"registry.terraform.io/hashicorp/aws\"]",
      "instances": [
        {
          "schema_version": 0,
          "attributes": {
            "arn": "arn:aws:iam::701573843345:role/GitHubAction-Terraform-Managed-Role",
            "assume_role_policy": "{\"Version\":\"2012-10-17\",\"Statement\":[{\"Effect\":\"Allow\",\"Principal\":{\"Federated\":\"arn:aws:iam::701573843345:oidc-provider/token.actions.githubusercontent.com\"},\"Action\":\"sts:AssumeRoleWithWebIdentity\",\"Condition\":{\"StringLike\":{\"token.actions.githubusercontent.com:sub\":\"repo:Nikkypwetti/devops-learning-journey:*\"}}}]}",
            "create_date": "2026-01-26T22:04:38Z",
            "description": "",
            "id": "GitHubAction-Terraform-Managed-Role",
            "max_session_duration": 3600,
            "name": "GitHubAction-Terraform-Managed-Role",
            "path": "/",
            "permissions_boundary": "",
            "role_last_used": [
              {
                "last_used_date": "2026-02-01T18:21:56Z",
                "region": "us-east-1"
              }
            ],
            "tags": {},
            "unique_id": "AROA2GWIPJGIVFH5RAZXS"
          },
          "sensitive_attributes": [],
          "identity_schema_version": 0
        }
      ]
    },
    {
      "mode": "managed",
      "type": "aws_iam_policy",
      "name": "web_app_cf",
      "provider": "provider[\"registry.terraform.io/hashicorp/aws\"]",
      "instances": [
        {
          "schema_version": 0,
          "attributes": {
            "arn": "arn:aws:iam::701573843345:policy/WebAppCloudFrontAccess",
            "attachment_count": 0,
            "description": "",
            "id": "arn:aws:iam::701573843345:policy/WebAppCloudFrontAccess",
            "name": "WebAppCloudFrontAccess",
            "name_prefix": "",
            "path": "/",
            "policy": "{\"Statement\":[{\"Action\":\"cloudfront:CreateInvalidation\",\"Effect\":\"Allow\",\"Resource\":\"arn:aws:cloudfront::701573843345:distribution/E3N2N64Y0SFSQI\"}],\"Version\":\"2012-10-17\"}",
            "policy_id": "ANPA2GWIPJGI5SYPPPPPN",
            "tags": null,
            "tags_all": {}
          },
          "sensitive_attributes": [],
          "identity_schema_version": 0,
          "private": "bnVsbA==",
          "dependencies": [
            "data.aws_caller_identity.current"
          ]
        }
      ]
    },
    {
      "mode": "managed",
      "type": "aws_iam_policy",
      "name": "web_app_s3",
      "provider": "provider[\"registry.terraform.io/hashicorp/aws\"]",
      "instances": [
        {
          "schema_version": 0,
          "attributes": {
            "arn": "arn:aws:iam::701573843345:policy/WebAppS3Access",
            "attachment_count": 0,
            "description": "",
            "id": "arn:aws:iam::701573843345:policy/WebAppS3Access",
            "name": "WebAppS3Access",
            "name_prefix": "",
            "path": "/",
            "policy": "{\"Statement\":[{\"Action\":[\"s3:PutObject\",\"s3:GetObject\",\"s3:ListBucket\"],\"Effect\":\"Allow\",\"Resource\":[\"arn:aws:s3:::nikky-techies-devops-portfolio\",\"arn:aws:s3:::nikky-techies-devops-portfolio/*\"]}],\"Version\":\"2012-10-17\"}",
            "policy_id": "ANPA2GWIPJGIXBYXKLRDI",
            "tags": null,
            "tags_all": {}
          },
          "sensitive_attributes": [],
          "identity_schema_version": 0,
          "private": "bnVsbA=="
        }
      ]
    },
    {
      "mode": "managed",
      "type": "aws_iam_role_policy_attachment",
      "name": "attach_cf",
      "provider": "provider[\"registry.terraform.io/hashicorp/aws\"]",
      "instances": [
        {
          "schema_version": 0,
          "attributes": {
            "id": "GitHubAction-Terraform-Managed-Role-20260202080400985600000001",
            "policy_arn": "arn:aws:iam::701573843345:policy/WebAppCloudFrontAccess",
            "role": "GitHubAction-Terraform-Managed-Role"
          },
          "sensitive_attributes": [],
          "identity_schema_version": 0,
          "private": "bnVsbA==",
          "dependencies": [
            "aws_iam_policy.web_app_cf",
            "data.aws_caller_identity.current",
            "data.aws_iam_role.shared_role"
          ]
        }
      ]
    },
    {
      "mode": "managed",
      "type": "aws_iam_role_policy_attachment",
      "name": "attach_s3",
      "provider": "provider[\"registry.terraform.io/hashicorp/aws\"]",
      "instances": [
        {
          "schema_version": 0,
          "attributes": {
            "id": "GitHubAction-Terraform-Managed-Role-20260202080400993900000002",
            "policy_arn": "arn:aws:iam::701573843345:policy/WebAppS3Access",
            "role": "GitHubAction-Terraform-Managed-Role"
          },
          "sensitive_attributes": [],
          "identity_schema_version": 0,
          "private": "bnVsbA==",
          "dependencies": [
            "aws_iam_policy.web_app_s3",
            "data.aws_iam_role.shared_role"
          ]
        }
      ]
    },
    {
      "mode": "managed",
      "type": "aws_s3_bucket_server_side_encryption_configuration",
      "name": "state_encryption",
      "provider": "provider[\"registry.terraform.io/hashicorp/aws\"]",
      "instances": [
        {
          "schema_version": 0,
          "attributes": {
            "bucket": "nikky-techies-devops-portfolio",
            "expected_bucket_owner": "",
            "id": "nikky-techies-devops-portfolio",
            "rule": [
              {
                "apply_server_side_encryption_by_default": [
                  {
                    "kms_master_key_id": "",
                    "sse_algorithm": "AES256"
                  }
                ],
                "bucket_key_enabled": null
              }
            ]
          },
          "sensitive_attributes": [],
          "identity_schema_version": 0,
          "private": "bnVsbA=="
        }
      ]
    },
    {
      "mode": "managed",
      "type": "aws_s3_bucket_versioning",
      "name": "state_versioning",
      "provider": "provider[\"registry.terraform.io/hashicorp/aws\"]",
      "instances": [
        {
          "schema_version": 0,
          "attributes": {
            "bucket": "nikky-techies-devops-portfolio",
            "expected_bucket_owner": "",
            "id": "nikky-techies-devops-portfolio",
            "mfa": null,
            "versioning_configuration": [
              {
                "mfa_delete": "",
                "status": "Enabled"
              }
            ]
          },
          "sensitive_attributes": [],
          "identity_schema_version": 0,
          "private": "bnVsbA=="
        }
      ]
    }
  ],
  "check_results": null
}
